{
  "requires": true,
  "lockfileVersion": 1,
  "dependencies": {
    "evets122-palindrome": {
      "version": "0.1.1",
      "resolved": "https://registry.npmjs.org/evets122-palindrome/-/evets122-palindrome-0.1.1.tgz",
      "integrity": "sha512-DKtft1w+UIxwyCvf8aoDfdTXOmJ4c9tZ5WGUJNyxjTRHh2IHlxl68jXbnm/4mS+J8O2alFFlctDr9tiuqLsxGg=="
    }
  }
}
