{
  "requires": true,
  "lockfileVersion": 1,
  "dependencies": {
    "evets122-palindrome": {
      "version": "0.1.0",
      "resolved": "https://registry.npmjs.org/evets122-palindrome/-/evets122-palindrome-0.1.0.tgz",
      "integrity": "sha512-V0xFBqLL96dHlUINnJ1r3S3V1aL1cuwOCIJHJqOAVCR1/ZvIM2l4vF05ZznHSipxQEJuaMk28C99TeIIC5fTgg=="
    }
  }
}
